
Microsoft Visual Studio Solution File, Format Version 12.00
# Visual Studio Version 16
VisualStudioVersion = 16.0.31515.178
MinimumVisualStudioVersion = 10.0.40219.1
Project("{FAE04EC0-301F-11D3-BF4B-00C04F79EFBC}") = "Verdens-Maal-Skole", "Verdens-Maal-Skole\Verdens-Maal-Skole.csproj", "{DC769CCE-0F05-42F8-805C-F3AD7EA4BD76}"
EndProject
Global
	GlobalSection(SolutionConfigurationPlatforms) = preSolution
		Debug|Any CPU = Debug|Any CPU
		Release|Any CPU = Release|Any CPU
	EndGlobalSection
	GlobalSection(ProjectConfigurationPlatforms) = postSolution
		{DC769CCE-0F05-42F8-805C-F3AD7EA4BD76}.Debug|Any CPU.ActiveCfg = Debug|Any CPU
		{DC769CCE-0F05-42F8-805C-F3AD7EA4BD76}.Debug|Any CPU.Build.0 = Debug|Any CPU
		{DC769CCE-0F05-42F8-805C-F3AD7EA4BD76}.Release|Any CPU.ActiveCfg = Release|Any CPU
		{DC769CCE-0F05-42F8-805C-F3AD7EA4BD76}.Release|Any CPU.Build.0 = Release|Any CPU
	EndGlobalSection
	GlobalSection(SolutionProperties) = preSolution
		HideSolutionNode = FALSE
	EndGlobalSection
	GlobalSection(ExtensibilityGlobals) = postSolution
		SolutionGuid = {F92DC01C-93B5-49FA-A20A-5B4D08643408}
	EndGlobalSection
EndGlobal
